PODS:
  - boost (1.76.0)
  - CocoaAsyncSocket (7.6.5)
  - DoubleConversion (1.1.6)
  - FBLazyVector (0.67.5)
  - FBReactNativeSpec (0.67.5):
    - RCT-Folly (= 2021.06.28.00-v2)
    - RCTRequired (= 0.67.5)
    - RCTTypeSafety (= 0.67.5)
    - React-Core (= 0.67.5)
    - React-jsi (= 0.67.5)
    - ReactCommon/turbomodule/core (= 0.67.5)
  - Flipper (0.165.0):
    - Flipper-Folly (~> 2.6)
  - Flipper-Boost-iOSX (1.76.0.1.11)
  - Flipper-DoubleConversion (3.1.7)
  - Flipper-Fmt (7.1.7)
  - Flipper-Folly (2.6.7):
    - Flipper-Boost-iOSX
    - Flipper-DoubleConversion
    - Flipper-Fmt (= 7.1.7)
    - Flipper-Glog
    - libevent (~> 2.1.12)
    - OpenSSL-Universal (= 1.1.180)
  - Flipper-Glog (0.3.6)
  - Flipper-PeerTalk (0.0.4)
  - Flipper-RSocket (1.4.3):
    - Flipper-Folly (~> 2.6)
  - FlipperKit (0.165.0):
    - FlipperKit/Core (= 0.165.0)
  - FlipperKit/Core (0.165.0):
    - Flipper (~> 0.165.0)
    - FlipperKit/CppBridge
    - FlipperKit/FBCxxFollyDynamicConvert
    - FlipperKit/FBDefines
    - FlipperKit/FKPortForwarding
    - SocketRocket (~> 0.6.0)
  - FlipperKit/CppBridge (0.165.0):
    - Flipper (~> 0.165.0)
  - FlipperKit/FBCxxFollyDynamicConvert (0.165.0):
    - Flipper-Folly (~> 2.6)
  - FlipperKit/FBDefines (0.165.0)
  - FlipperKit/FKPortForwarding (0.165.0):
    - CocoaAsyncSocket (~> 7.6)
    - Flipper-PeerTalk (~> 0.0.4)
  - FlipperKit/FlipperKitHighlightOverlay (0.165.0)
  - FlipperKit/FlipperKitLayoutHelpers (0.165.0):
    - FlipperKit/Core
    - FlipperKit/FlipperKitHighlightOverlay
    - FlipperKit/FlipperKitLayoutTextSearchable
  - FlipperKit/FlipperKitLayoutIOSDescriptors (0.165.0):
    - FlipperKit/Core
    - FlipperKit/FlipperKitHighlightOverlay
    - FlipperKit/FlipperKitLayoutHelpers
    - YogaKit (~> 1.18)
  - FlipperKit/FlipperKitLayoutPlugin (0.165.0):
    - FlipperKit/Core
    - FlipperKit/FlipperKitHighlightOverlay
    - FlipperKit/FlipperKitLayoutHelpers
    - FlipperKit/FlipperKitLayoutIOSDescriptors
    - FlipperKit/FlipperKitLayoutTextSearchable
    - YogaKit (~> 1.18)
  - FlipperKit/FlipperKitLayoutTextSearchable (0.165.0)
  - FlipperKit/FlipperKitNetworkPlugin (0.165.0):
    - FlipperKit/Core
  - FlipperKit/FlipperKitReactPlugin (0.165.0):
    - FlipperKit/Core
  - FlipperKit/FlipperKitUserDefaultsPlugin (0.165.0):
    - FlipperKit/Core
  - FlipperKit/SKIOSNetworkPlugin (0.165.0):
    - FlipperKit/Core
    - FlipperKit/FlipperKitNetworkPlugin
  - fmt (6.2.1)
  - glog (0.3.5)
  - hermes-engine (0.9.0)
  - libevent (2.1.12)
  - OpenSSL-Universal (1.1.180)
  - RCT-Folly (2021.06.28.00-v2):
    - boost
    - DoubleConversion
    - fmt (~> 6.2.1)
    - glog
    - RCT-Folly/Default (= 2021.06.28.00-v2)
  - RCT-Folly/Default (2021.06.28.00-v2):
    - boost
    - DoubleConversion
    - fmt (~> 6.2.1)
    - glog
  - RCT-Folly/Futures (2021.06.28.00-v2):
    - boost
    - DoubleConversion
    - fmt (~> 6.2.1)
    - glog
    - libevent
  - RCTRequired (0.67.5)
  - RCTTypeSafety (0.67.5):
    - FBLazyVector (= 0.67.5)
    - RCT-Folly (= 2021.06.28.00-v2)
    - RCTRequired (= 0.67.5)
    - React-Core (= 0.67.5)
  - React (0.67.5):
    - React-Core (= 0.67.5)
    - React-Core/DevSupport (= 0.67.5)
    - React-Core/RCTWebSocket (= 0.67.5)
    - React-RCTActionSheet (= 0.67.5)
    - React-RCTAnimation (= 0.67.5)
    - React-RCTBlob (= 0.67.5)
    - React-RCTImage (= 0.67.5)
    - React-RCTLinking (= 0.67.5)
    - React-RCTNetwork (= 0.67.5)
    - React-RCTSettings (= 0.67.5)
    - React-RCTText (= 0.67.5)
    - React-RCTVibration (= 0.67.5)
  - React-callinvoker (0.67.5)
  - React-Core (0.67.5):
    - glog
    - RCT-Folly (= 2021.06.28.00-v2)
    - React-Core/Default (= 0.67.5)
    - React-cxxreact (= 0.67.5)
    - React-jsi (= 0.67.5)
    - React-jsiexecutor (= 0.67.5)
    - React-perflogger (= 0.67.5)
    - Yoga
  - React-Core/CoreModulesHeaders (0.67.5):
    - glog
    - RCT-Folly (= 2021.06.28.00-v2)
    - React-Core/Default
    - React-cxxreact (= 0.67.5)
    - React-jsi (= 0.67.5)
    - React-jsiexecutor (= 0.67.5)
    - React-perflogger (= 0.67.5)
    - Yoga
  - React-Core/Default (0.67.5):
    - glog
    - RCT-Folly (= 2021.06.28.00-v2)
    - React-cxxreact (= 0.67.5)
    - React-jsi (= 0.67.5)
    - React-jsiexecutor (= 0.67.5)
    - React-perflogger (= 0.67.5)
    - Yoga
  - React-Core/DevSupport (0.67.5):
    - glog
    - RCT-Folly (= 2021.06.28.00-v2)
    - React-Core/Default (= 0.67.5)
    - React-Core/RCTWebSocket (= 0.67.5)
    - React-cxxreact (= 0.67.5)
    - React-jsi (= 0.67.5)
    - React-jsiexecutor (= 0.67.5)
    - React-jsinspector (= 0.67.5)
    - React-perflogger (= 0.67.5)
    - Yoga
  - React-Core/RCTActionSheetHeaders (0.67.5):
    - glog
    - RCT-Folly (= 2021.06.28.00-v2)
    - React-Core/Default
    - React-cxxreact (= 0.67.5)
    - React-jsi (= 0.67.5)
    - React-jsiexecutor (= 0.67.5)
    - React-perflogger (= 0.67.5)
    - Yoga
  - React-Core/RCTAnimationHeaders (0.67.5):
    - glog
    - RCT-Folly (= 2021.06.28.00-v2)
    - React-Core/Default
    - React-cxxreact (= 0.67.5)
    - React-jsi (= 0.67.5)
    - React-jsiexecutor (= 0.67.5)
    - React-perflogger (= 0.67.5)
    - Yoga
  - React-Core/RCTBlobHeaders (0.67.5):
    - glog
    - RCT-Folly (= 2021.06.28.00-v2)
    - React-Core/Default
    - React-cxxreact (= 0.67.5)
    - React-jsi (= 0.67.5)
    - React-jsiexecutor (= 0.67.5)
    - React-perflogger (= 0.67.5)
    - Yoga
  - React-Core/RCTImageHeaders (0.67.5):
    - glog
    - RCT-Folly (= 2021.06.28.00-v2)
    - React-Core/Default
    - React-cxxreact (= 0.67.5)
    - React-jsi (= 0.67.5)
    - React-jsiexecutor (= 0.67.5)
    - React-perflogger (= 0.67.5)
    - Yoga
  - React-Core/RCTLinkingHeaders (0.67.5):
    - glog
    - RCT-Folly (= 2021.06.28.00-v2)
    - React-Core/Default
    - React-cxxreact (= 0.67.5)
    - React-jsi (= 0.67.5)
    - React-jsiexecutor (= 0.67.5)
    - React-perflogger (= 0.67.5)
    - Yoga
  - React-Core/RCTNetworkHeaders (0.67.5):
    - glog
    - RCT-Folly (= 2021.06.28.00-v2)
    - React-Core/Default
    - React-cxxreact (= 0.67.5)
    - React-jsi (= 0.67.5)
    - React-jsiexecutor (= 0.67.5)
    - React-perflogger (= 0.67.5)
    - Yoga
  - React-Core/RCTSettingsHeaders (0.67.5):
    - glog
    - RCT-Folly (= 2021.06.28.00-v2)
    - React-Core/Default
    - React-cxxreact (= 0.67.5)
    - React-jsi (= 0.67.5)
    - React-jsiexecutor (= 0.67.5)
    - React-perflogger (= 0.67.5)
    - Yoga
  - React-Core/RCTTextHeaders (0.67.5):
    - glog
    - RCT-Folly (= 2021.06.28.00-v2)
    - React-Core/Default
    - React-cxxreact (= 0.67.5)
    - React-jsi (= 0.67.5)
    - React-jsiexecutor (= 0.67.5)
    - React-perflogger (= 0.67.5)
    - Yoga
  - React-Core/RCTVibrationHeaders (0.67.5):
    - glog
    - RCT-Folly (= 2021.06.28.00-v2)
    - React-Core/Default
    - React-cxxreact (= 0.67.5)
    - React-jsi (= 0.67.5)
    - React-jsiexecutor (= 0.67.5)
    - React-perflogger (= 0.67.5)
    - Yoga
  - React-Core/RCTWebSocket (0.67.5):
    - glog
    - RCT-Folly (= 2021.06.28.00-v2)
    - React-Core/Default (= 0.67.5)
    - React-cxxreact (= 0.67.5)
    - React-jsi (= 0.67.5)
    - React-jsiexecutor (= 0.67.5)
    - React-perflogger (= 0.67.5)
    - Yoga
  - React-CoreModules (0.67.5):
    - FBReactNativeSpec (= 0.67.5)
    - RCT-Folly (= 2021.06.28.00-v2)
    - RCTTypeSafety (= 0.67.5)
    - React-Core/CoreModulesHeaders (= 0.67.5)
    - React-jsi (= 0.67.5)
    - React-RCTImage (= 0.67.5)
    - ReactCommon/turbomodule/core (= 0.67.5)
  - React-cxxreact (0.67.5):
    - boost (= 1.76.0)
    - DoubleConversion
    - glog
    - RCT-Folly (= 2021.06.28.00-v2)
    - React-callinvoker (= 0.67.5)
    - React-jsi (= 0.67.5)
    - React-jsinspector (= 0.67.5)
    - React-logger (= 0.67.5)
    - React-perflogger (= 0.67.5)
    - React-runtimeexecutor (= 0.67.5)
  - React-hermes (0.67.5):
    - DoubleConversion
    - glog
    - hermes-engine
    - RCT-Folly (= 2021.06.28.00-v2)
    - RCT-Folly/Futures (= 2021.06.28.00-v2)
    - React-cxxreact (= 0.67.5)
    - React-jsi (= 0.67.5)
    - React-jsiexecutor (= 0.67.5)
    - React-jsinspector (= 0.67.5)
    - React-perflogger (= 0.67.5)
  - React-jsi (0.67.5):
    - boost (= 1.76.0)
    - DoubleConversion
    - glog
    - RCT-Folly (= 2021.06.28.00-v2)
    - React-jsi/Default (= 0.67.5)
  - React-jsi/Default (0.67.5):
    - boost (= 1.76.0)
    - DoubleConversion
    - glog
    - RCT-Folly (= 2021.06.28.00-v2)
  - React-jsiexecutor (0.67.5):
    - DoubleConversion
    - glog
    - RCT-Folly (= 2021.06.28.00-v2)
    - React-cxxreact (= 0.67.5)
    - React-jsi (= 0.67.5)
    - React-perflogger (= 0.67.5)
  - React-jsinspector (0.67.5)
  - React-logger (0.67.5):
    - glog
  - react-native-key-pair (1.1.1):
    - React
  - react-native-root-view-background-color (1.0.2):
    - React
  - react-native-safari-view (1.0.0):
    - React
  - react-native-safari-web-auth (1.0.4):
    - React
  - react-native-safe-area-context (3.3.2):
    - React-Core
  - react-native-segmented-control (2.2.2):
    - React-Core
  - react-native-webview (11.23.1):
    - React-Core
  - React-perflogger (0.67.5)
  - React-RCTActionSheet (0.67.5):
    - React-Core/RCTActionSheetHeaders (= 0.67.5)
  - React-RCTAnimation (0.67.5):
    - FBReactNativeSpec (= 0.67.5)
    - RCT-Folly (= 2021.06.28.00-v2)
    - RCTTypeSafety (= 0.67.5)
    - React-Core/RCTAnimationHeaders (= 0.67.5)
    - React-jsi (= 0.67.5)
    - ReactCommon/turbomodule/core (= 0.67.5)
  - React-RCTBlob (0.67.5):
    - FBReactNativeSpec (= 0.67.5)
    - RCT-Folly (= 2021.06.28.00-v2)
    - React-Core/RCTBlobHeaders (= 0.67.5)
    - React-Core/RCTWebSocket (= 0.67.5)
    - React-jsi (= 0.67.5)
    - React-RCTNetwork (= 0.67.5)
    - ReactCommon/turbomodule/core (= 0.67.5)
  - React-RCTImage (0.67.5):
    - FBReactNativeSpec (= 0.67.5)
    - RCT-Folly (= 2021.06.28.00-v2)
    - RCTTypeSafety (= 0.67.5)
    - React-Core/RCTImageHeaders (= 0.67.5)
    - React-jsi (= 0.67.5)
    - React-RCTNetwork (= 0.67.5)
    - ReactCommon/turbomodule/core (= 0.67.5)
  - React-RCTLinking (0.67.5):
    - FBReactNativeSpec (= 0.67.5)
    - React-Core/RCTLinkingHeaders (= 0.67.5)
    - React-jsi (= 0.67.5)
    - ReactCommon/turbomodule/core (= 0.67.5)
  - React-RCTNetwork (0.67.5):
    - FBReactNativeSpec (= 0.67.5)
    - RCT-Folly (= 2021.06.28.00-v2)
    - RCTTypeSafety (= 0.67.5)
    - React-Core/RCTNetworkHeaders (= 0.67.5)
    - React-jsi (= 0.67.5)
    - ReactCommon/turbomodule/core (= 0.67.5)
  - React-RCTSettings (0.67.5):
    - FBReactNativeSpec (= 0.67.5)
    - RCT-Folly (= 2021.06.28.00-v2)
    - RCTTypeSafety (= 0.67.5)
    - React-Core/RCTSettingsHeaders (= 0.67.5)
    - React-jsi (= 0.67.5)
    - ReactCommon/turbomodule/core (= 0.67.5)
  - React-RCTText (0.67.5):
    - React-Core/RCTTextHeaders (= 0.67.5)
  - React-RCTVibration (0.67.5):
    - FBReactNativeSpec (= 0.67.5)
    - RCT-Folly (= 2021.06.28.00-v2)
    - React-Core/RCTVibrationHeaders (= 0.67.5)
    - React-jsi (= 0.67.5)
    - ReactCommon/turbomodule/core (= 0.67.5)
  - React-runtimeexecutor (0.67.5):
    - React-jsi (= 0.67.5)
  - ReactCommon/turbomodule/core (0.67.5):
    - DoubleConversion
    - glog
    - RCT-Folly (= 2021.06.28.00-v2)
    - React-callinvoker (= 0.67.5)
    - React-Core (= 0.67.5)
    - React-cxxreact (= 0.67.5)
    - React-jsi (= 0.67.5)
    - React-logger (= 0.67.5)
    - React-perflogger (= 0.67.5)
  - RNBackgroundFetch (4.1.2):
    - React-Core
  - RNCAsyncStorage (1.17.10):
    - React-Core
  - RNCPushNotificationIOS (1.10.1):
    - React-Core
  - RNDeviceInfo (10.2.0):
    - React-Core
  - RNGestureHandler (1.10.3):
    - React-Core
  - RNLocalize (2.2.3):
    - React-Core
  - RNReanimated (2.13.0):
    - DoubleConversion
    - FBLazyVector
    - FBReactNativeSpec
    - glog
    - RCT-Folly
    - RCTRequired
    - RCTTypeSafety
    - React-callinvoker
    - React-Core
    - React-Core/DevSupport
    - React-Core/RCTWebSocket
    - React-CoreModules
    - React-cxxreact
    - React-jsi
    - React-jsiexecutor
    - React-jsinspector
    - React-RCTActionSheet
    - React-RCTAnimation
    - React-RCTBlob
    - React-RCTImage
    - React-RCTLinking
    - React-RCTNetwork
    - React-RCTSettings
    - React-RCTText
    - ReactCommon/turbomodule/core
    - Yoga
  - RNScreens (3.17.0):
    - React-Core
    - React-RCTImage
  - RNSiriShortcuts (3.2.2):
    - React
  - RNSVG (12.1.1):
    - React
  - RNVectorIcons (9.2.0):
    - React-Core
  - SocketRocket (0.6.0)
  - Yoga (1.14.0)
  - YogaKit (1.18.1):
    - Yoga (~> 1.14)

DEPENDENCIES:
  - boost (from `../node_modules/react-native/third-party-podspecs/boost.podspec`)
  - DoubleConversion (from `../node_modules/react-native/third-party-podspecs/DoubleConversion.podspec`)
  - FBLazyVector (from `../node_modules/react-native/Libraries/FBLazyVector`)
  - FBReactNativeSpec (from `../node_modules/react-native/React/FBReactNativeSpec`)
  - Flipper (= 0.165.0)
  - Flipper-Boost-iOSX (= 1.76.0.1.11)
  - Flipper-DoubleConversion (= 3.1.7)
  - Flipper-Fmt (= 7.1.7)
  - Flipper-Folly (= 2.6.7)
  - Flipper-Glog (= 0.3.6)
  - Flipper-PeerTalk (= 0.0.4)
  - Flipper-RSocket (= 1.4.3)
  - FlipperKit (= 0.165.0)
  - FlipperKit/Core (= 0.165.0)
  - FlipperKit/CppBridge (= 0.165.0)
  - FlipperKit/FBCxxFollyDynamicConvert (= 0.165.0)
  - FlipperKit/FBDefines (= 0.165.0)
  - FlipperKit/FKPortForwarding (= 0.165.0)
  - FlipperKit/FlipperKitHighlightOverlay (= 0.165.0)
  - FlipperKit/FlipperKitLayoutPlugin (= 0.165.0)
  - FlipperKit/FlipperKitLayoutTextSearchable (= 0.165.0)
  - FlipperKit/FlipperKitNetworkPlugin (= 0.165.0)
  - FlipperKit/FlipperKitReactPlugin (= 0.165.0)
  - FlipperKit/FlipperKitUserDefaultsPlugin (= 0.165.0)
  - FlipperKit/SKIOSNetworkPlugin (= 0.165.0)
  - glog (from `../node_modules/react-native/third-party-podspecs/glog.podspec`)
  - hermes-engine (~> 0.9.0)
  - libevent (~> 2.1.12)
  - OpenSSL-Universal (= 1.1.180)
  - RCT-Folly (from `../node_modules/react-native/third-party-podspecs/RCT-Folly.podspec`)
  - RCTRequired (from `../node_modules/react-native/Libraries/RCTRequired`)
  - RCTTypeSafety (from `../node_modules/react-native/Libraries/TypeSafety`)
  - React (from `../node_modules/react-native/`)
  - React-callinvoker (from `../node_modules/react-native/ReactCommon/callinvoker`)
  - React-Core (from `../node_modules/react-native/`)
  - React-Core/DevSupport (from `../node_modules/react-native/`)
  - React-Core/RCTWebSocket (from `../node_modules/react-native/`)
  - React-CoreModules (from `../node_modules/react-native/React/CoreModules`)
  - React-cxxreact (from `../node_modules/react-native/ReactCommon/cxxreact`)
  - React-hermes (from `../node_modules/react-native/ReactCommon/hermes`)
  - React-jsi (from `../node_modules/react-native/ReactCommon/jsi`)
  - React-jsiexecutor (from `../node_modules/react-native/ReactCommon/jsiexecutor`)
  - React-jsinspector (from `../node_modules/react-native/ReactCommon/jsinspector`)
  - React-logger (from `../node_modules/react-native/ReactCommon/logger`)
  - react-native-key-pair (from `../node_modules/react-native-key-pair`)
  - react-native-root-view-background-color (from `../node_modules/react-native-root-view-background-color`)
  - react-native-safari-view (from `../node_modules/react-native-safari-view`)
  - react-native-safari-web-auth (from `../node_modules/react-native-safari-web-auth`)
  - react-native-safe-area-context (from `../node_modules/react-native-safe-area-context`)
  - "react-native-segmented-control (from `../node_modules/@react-native-community/segmented-control`)"
  - react-native-webview (from `../node_modules/react-native-webview`)
  - React-perflogger (from `../node_modules/react-native/ReactCommon/reactperflogger`)
  - React-RCTActionSheet (from `../node_modules/react-native/Libraries/ActionSheetIOS`)
  - React-RCTAnimation (from `../node_modules/react-native/Libraries/NativeAnimation`)
  - React-RCTBlob (from `../node_modules/react-native/Libraries/Blob`)
  - React-RCTImage (from `../node_modules/react-native/Libraries/Image`)
  - React-RCTLinking (from `../node_modules/react-native/Libraries/LinkingIOS`)
  - React-RCTNetwork (from `../node_modules/react-native/Libraries/Network`)
  - React-RCTSettings (from `../node_modules/react-native/Libraries/Settings`)
  - React-RCTText (from `../node_modules/react-native/Libraries/Text`)
  - React-RCTVibration (from `../node_modules/react-native/Libraries/Vibration`)
  - React-runtimeexecutor (from `../node_modules/react-native/ReactCommon/runtimeexecutor`)
  - ReactCommon/turbomodule/core (from `../node_modules/react-native/ReactCommon`)
  - RNBackgroundFetch (from `../node_modules/react-native-background-fetch`)
  - "RNCAsyncStorage (from `../node_modules/@react-native-async-storage/async-storage`)"
  - "RNCPushNotificationIOS (from `../node_modules/@react-native-community/push-notification-ios`)"
  - RNDeviceInfo (from `../node_modules/react-native-device-info`)
  - RNGestureHandler (from `../node_modules/react-native-gesture-handler`)
  - RNLocalize (from `../node_modules/react-native-localize`)
  - RNReanimated (from `../node_modules/react-native-reanimated`)
  - RNScreens (from `../node_modules/react-native-screens`)
  - RNSiriShortcuts (from `../node_modules/react-native-siri-shortcut`)
  - RNSVG (from `../node_modules/react-native-svg`)
  - RNVectorIcons (from `../node_modules/react-native-vector-icons`)
  - Yoga (from `../node_modules/react-native/ReactCommon/yoga`)

SPEC REPOS:
  trunk:
    - CocoaAsyncSocket
    - Flipper
    - Flipper-Boost-iOSX
    - Flipper-DoubleConversion
    - Flipper-Fmt
    - Flipper-Folly
    - Flipper-Glog
    - Flipper-PeerTalk
    - Flipper-RSocket
    - FlipperKit
    - fmt
    - hermes-engine
    - libevent
    - OpenSSL-Universal
    - SocketRocket
    - YogaKit

EXTERNAL SOURCES:
  boost:
    :podspec: "../node_modules/react-native/third-party-podspecs/boost.podspec"
  DoubleConversion:
    :podspec: "../node_modules/react-native/third-party-podspecs/DoubleConversion.podspec"
  FBLazyVector:
    :path: "../node_modules/react-native/Libraries/FBLazyVector"
  FBReactNativeSpec:
    :path: "../node_modules/react-native/React/FBReactNativeSpec"
  glog:
    :podspec: "../node_modules/react-native/third-party-podspecs/glog.podspec"
  RCT-Folly:
    :podspec: "../node_modules/react-native/third-party-podspecs/RCT-Folly.podspec"
  RCTRequired:
    :path: "../node_modules/react-native/Libraries/RCTRequired"
  RCTTypeSafety:
    :path: "../node_modules/react-native/Libraries/TypeSafety"
  React:
    :path: "../node_modules/react-native/"
  React-callinvoker:
    :path: "../node_modules/react-native/ReactCommon/callinvoker"
  React-Core:
    :path: "../node_modules/react-native/"
  React-CoreModules:
    :path: "../node_modules/react-native/React/CoreModules"
  React-cxxreact:
    :path: "../node_modules/react-native/ReactCommon/cxxreact"
  React-hermes:
    :path: "../node_modules/react-native/ReactCommon/hermes"
  React-jsi:
    :path: "../node_modules/react-native/ReactCommon/jsi"
  React-jsiexecutor:
    :path: "../node_modules/react-native/ReactCommon/jsiexecutor"
  React-jsinspector:
    :path: "../node_modules/react-native/ReactCommon/jsinspector"
  React-logger:
    :path: "../node_modules/react-native/ReactCommon/logger"
  react-native-key-pair:
    :path: "../node_modules/react-native-key-pair"
  react-native-root-view-background-color:
    :path: "../node_modules/react-native-root-view-background-color"
  react-native-safari-view:
    :path: "../node_modules/react-native-safari-view"
  react-native-safari-web-auth:
    :path: "../node_modules/react-native-safari-web-auth"
  react-native-safe-area-context:
    :path: "../node_modules/react-native-safe-area-context"
  react-native-segmented-control:
    :path: "../node_modules/@react-native-community/segmented-control"
  react-native-webview:
    :path: "../node_modules/react-native-webview"
  React-perflogger:
    :path: "../node_modules/react-native/ReactCommon/reactperflogger"
  React-RCTActionSheet:
    :path: "../node_modules/react-native/Libraries/ActionSheetIOS"
  React-RCTAnimation:
    :path: "../node_modules/react-native/Libraries/NativeAnimation"
  React-RCTBlob:
    :path: "../node_modules/react-native/Libraries/Blob"
  React-RCTImage:
    :path: "../node_modules/react-native/Libraries/Image"
  React-RCTLinking:
    :path: "../node_modules/react-native/Libraries/LinkingIOS"
  React-RCTNetwork:
    :path: "../node_modules/react-native/Libraries/Network"
  React-RCTSettings:
    :path: "../node_modules/react-native/Libraries/Settings"
  React-RCTText:
    :path: "../node_modules/react-native/Libraries/Text"
  React-RCTVibration:
    :path: "../node_modules/react-native/Libraries/Vibration"
  React-runtimeexecutor:
    :path: "../node_modules/react-native/ReactCommon/runtimeexecutor"
  ReactCommon:
    :path: "../node_modules/react-native/ReactCommon"
  RNBackgroundFetch:
    :path: "../node_modules/react-native-background-fetch"
  RNCAsyncStorage:
    :path: "../node_modules/@react-native-async-storage/async-storage"
  RNCPushNotificationIOS:
    :path: "../node_modules/@react-native-community/push-notification-ios"
  RNDeviceInfo:
    :path: "../node_modules/react-native-device-info"
  RNGestureHandler:
    :path: "../node_modules/react-native-gesture-handler"
  RNLocalize:
    :path: "../node_modules/react-native-localize"
  RNReanimated:
    :path: "../node_modules/react-native-reanimated"
  RNScreens:
    :path: "../node_modules/react-native-screens"
  RNSiriShortcuts:
    :path: "../node_modules/react-native-siri-shortcut"
  RNSVG:
    :path: "../node_modules/react-native-svg"
  RNVectorIcons:
    :path: "../node_modules/react-native-vector-icons"
  Yoga:
    :path: "../node_modules/react-native/ReactCommon/yoga"

SPEC CHECKSUMS:
  boost: a7c83b31436843459a1961bfd74b96033dc77234
  CocoaAsyncSocket: 065fd1e645c7abab64f7a6a2007a48038fdc6a99
  DoubleConversion: 831926d9b8bf8166fd87886c4abab286c2422662
  FBLazyVector: d2db9d00883282819d03bbd401b2ad4360d47580
  FBReactNativeSpec: 94da4d84ba3b1acf459103320882daa481a2b62d
  Flipper: 5ca502d3a39b9b762ebdbbdd143074cbb2dfef89
  Flipper-Boost-iOSX: fd1e2b8cbef7e662a122412d7ac5f5bea715403c
  Flipper-DoubleConversion: 57ffbe81ef95306cc9e69c4aa3aeeeeb58a6a28c
  Flipper-Fmt: 60cbdd92fc254826e61d669a5d87ef7015396a9b
  Flipper-Folly: 83af37379faa69497529e414bd43fbfc7cae259a
  Flipper-Glog: 1dfd6abf1e922806c52ceb8701a3599a79a200a6
  Flipper-PeerTalk: 116d8f857dc6ef55c7a5a75ea3ceaafe878aadc9
  Flipper-RSocket: d9d9ade67cbecf6ac10730304bf5607266dd2541
  FlipperKit: ebea8d5b146011cfafe481c9b0cdefafb6eacbbd
  fmt: ff9d55029c625d3757ed641535fd4a75fedc7ce9
  glog: 5337263514dd6f09803962437687240c5dc39aa4
  hermes-engine: bf7577d12ac6ccf53ab8b5af3c6ccf0dd8458c5c
  libevent: 4049cae6c81cdb3654a443be001fb9bdceff7913
  OpenSSL-Universal: 1aa4f6a6ee7256b83db99ec1ccdaa80d10f9af9b
  RCT-Folly: a21c126816d8025b547704b777a2ba552f3d9fa9
  RCTRequired: 412e994c1e570cf35378a32c18fd46e50634938b
  RCTTypeSafety: ef27340c728e6d673af345ed69e479a010c8a2d8
  React: 36b9f5116572e5b80f01e562bb1f1451e8848e47
  React-callinvoker: 91e62870884d3db3a0db33bbb1ba4e53fa5210ca
  React-Core: 765ccc3861be1b93c7d5ca37f6b06e2efd6e7999
  React-CoreModules: da2ddff50a92576b6d58fbfc80a62ba3f81d8a4e
  React-cxxreact: b54cffd4feb550c3213cd38db4a2a4bdd896f715
  React-hermes: f12c1cf82cd839e98e59c84018b15d9ba0d4300a
  React-jsi: 103674913e4159a07df20ef214c6b563e90e7b2e
  React-jsiexecutor: e9895ccae253323ca70f693945fecbba091f0abd
  React-jsinspector: ec4fe4f65ccf9d67c8429dda955d3412db8a25ef
  React-logger: 85f4ef06b9723714b2dfa5b0e5502b673b271b58
  react-native-key-pair: d45fb2e417ffb0fca307e9bbe22111aa38c3233f
  react-native-root-view-background-color: e7ba21b82c8b7b2a1f902750f08c9dc1a5b38cea
  react-native-safari-view: 955d7160d159241b8e9395d12d10ea0ef863dcdd
  react-native-safari-web-auth: b6642abaa8084a8e5addba1cba4521fd30b95b64
  react-native-safe-area-context: 584dc04881deb49474363f3be89e4ca0e854c057
  react-native-segmented-control: 65df6cd0619b780b3843d574a72d4c7cec396097
  react-native-webview: d33e2db8925d090871ffeb232dfa50cb3a727581
  React-perflogger: d32ee13196f4ae2e4098fb7f8e7ed4f864c6fb0f
  React-RCTActionSheet: 81779c09e34a6a3d6b15783407ba9016a774f535
  React-RCTAnimation: b778eaaa42a884abcc5719035a7a0b2f54672658
  React-RCTBlob: 8edfc04c117decb0e7d4e6ab32bec91707e63ecb
  React-RCTImage: 2022097f1291bfebd0003e477318c72b07853578
  React-RCTLinking: bd8d889c65695181342541ce4420e9419845084c
  React-RCTNetwork: eae64b805d967bf3ece2cec3ad09218eeb32cb74
  React-RCTSettings: 0645af8aec5f40726e98d434a07ff58e75a81aa9
  React-RCTText: e55de507cda263ff58404c3e7d75bf76c2b80813
  React-RCTVibration: c3b8a3245267a3849b0c7cb91a37606bf5f3aa65
  React-runtimeexecutor: 434efc9e5b6d0f14f49867f130b39376c971c1aa
  ReactCommon: a30c2448e5a88bae6fcb0e3da124c14ae493dac1
  RNBackgroundFetch: eef260dc500d8ed344fed205fe617d056e381978
  RNCAsyncStorage: 0c357f3156fcb16c8589ede67cc036330b6698ca
  RNCPushNotificationIOS: 87b8d16d3ede4532745e05b03c42cff33a36cc45
  RNDeviceInfo: 8b83e99e290deaf1bab71673cc636776ef647b6f
  RNGestureHandler: a479ebd5ed4221a810967000735517df0d2db211
  RNLocalize: a64514b46a01375fdfae9349036b4dc7130333b5
  RNReanimated: 42b5b57609de75e270722e27d2b94ade03c49931
  RNScreens: 0df01424e9e0ed7827200d6ed1087ddd06c493f9
  RNSiriShortcuts: cf7c7c69927abacc1bb9679cf680acc2f543fdae
  RNSVG: 551acb6562324b1d52a4e0758f7ca0ec234e278f
  RNVectorIcons: fcc2f6cb32f5735b586e66d14103a74ce6ad61f8
  SocketRocket: fccef3f9c5cedea1353a9ef6ada904fde10d6608
  Yoga: 099a946cbf84c9b32ffdc4278d72db26710ecf92
  YogaKit: f782866e155069a2cca2517aafea43200b01fd5a

PODFILE CHECKSUM: 0723148638452b30406ddba7f47dd7b7fcfc6e19

COCOAPODS: 1.11.3
